
Microsoft Visual Studio Solution File, Format Version 12.00
# Visual Studio 15
VisualStudioVersion = 15.0.27130.2010
MinimumVisualStudioVersion = 10.0.40219.1
Project("{9A19103F-16F7-4668-BE54-9A1E7A4F7556}") = "ZumtenSoft.Mindex", "ZumtenSoft.Mindex\ZumtenSoft.Mindex.csproj", "{6FE945F9-7EE2-4BE8-96B3-AF29D9A67877}"
EndProject
Project("{9A19103F-16F7-4668-BE54-9A1E7A4F7556}") = "ZumtenSoft.Mindex.Tests", "ZumtenSoft.Mindex.Tests\ZumtenSoft.Mindex.Tests.csproj", "{659DE358-7D11-4754-9253-B9A4164D7AB5}"
EndProject
Project("{9A19103F-16F7-4668-BE54-9A1E7A4F7556}") = "ZumtenSoft.Mindex.Benchmark", "ZumtenSoft.Mindex.Benchmark\ZumtenSoft.Mindex.Benchmark.csproj", "{6727F5D2-09B7-46FC-B3A6-CFC4008AE446}"
EndProject
Project("{FAE04EC0-301F-11D3-BF4B-00C04F79EFBC}") = "ZumtenSoft.Mindex.Stubs", "ZumtenSoft.Mindex.Stubs\ZumtenSoft.Mindex.Stubs.csproj", "{26CDEAF5-94ED-4BD6-9CFF-A916FE6576BE}"
EndProject
Global
	GlobalSection(SolutionConfigurationPlatforms) = preSolution
		Debug|Any CPU = Debug|Any CPU
		Release|Any CPU = Release|Any CPU
	EndGlobalSection
	GlobalSection(ProjectConfigurationPlatforms) = postSolution
		{6FE945F9-7EE2-4BE8-96B3-AF29D9A67877}.Debug|Any CPU.ActiveCfg = Debug|Any CPU
		{6FE945F9-7EE2-4BE8-96B3-AF29D9A67877}.Debug|Any CPU.Build.0 = Debug|Any CPU
		{6FE945F9-7EE2-4BE8-96B3-AF29D9A67877}.Release|Any CPU.ActiveCfg = Release|Any CPU
		{6FE945F9-7EE2-4BE8-96B3-AF29D9A67877}.Release|Any CPU.Build.0 = Release|Any CPU
		{659DE358-7D11-4754-9253-B9A4164D7AB5}.Debug|Any CPU.ActiveCfg = Debug|Any CPU
		{659DE358-7D11-4754-9253-B9A4164D7AB5}.Debug|Any CPU.Build.0 = Debug|Any CPU
		{659DE358-7D11-4754-9253-B9A4164D7AB5}.Release|Any CPU.ActiveCfg = Release|Any CPU
		{659DE358-7D11-4754-9253-B9A4164D7AB5}.Release|Any CPU.Build.0 = Release|Any CPU
		{6727F5D2-09B7-46FC-B3A6-CFC4008AE446}.Debug|Any CPU.ActiveCfg = Debug|Any CPU
		{6727F5D2-09B7-46FC-B3A6-CFC4008AE446}.Debug|Any CPU.Build.0 = Debug|Any CPU
		{6727F5D2-09B7-46FC-B3A6-CFC4008AE446}.Release|Any CPU.ActiveCfg = Release|Any CPU
		{6727F5D2-09B7-46FC-B3A6-CFC4008AE446}.Release|Any CPU.Build.0 = Release|Any CPU
		{26CDEAF5-94ED-4BD6-9CFF-A916FE6576BE}.Debug|Any CPU.ActiveCfg = Debug|Any CPU
		{26CDEAF5-94ED-4BD6-9CFF-A916FE6576BE}.Debug|Any CPU.Build.0 = Debug|Any CPU
		{26CDEAF5-94ED-4BD6-9CFF-A916FE6576BE}.Release|Any CPU.ActiveCfg = Release|Any CPU
		{26CDEAF5-94ED-4BD6-9CFF-A916FE6576BE}.Release|Any CPU.Build.0 = Release|Any CPU
	EndGlobalSection
	GlobalSection(SolutionProperties) = preSolution
		HideSolutionNode = FALSE
	EndGlobalSection
	GlobalSection(ExtensibilityGlobals) = postSolution
		SolutionGuid = {41EF0F99-F162-410C-8782-F119D2FCC412}
	EndGlobalSection
EndGlobal
